{
  "nodes": {
    "nixpkgs": {
      "locked": {
        "lastModified": 1739214665,
        "narHash": "sha256-26L8VAu3/1YRxS8MHgBOyOM8xALdo6N0I04PgorE7UM=",
        "owner": "NixOS",
        "repo": "nixpkgs",
        "rev": "64e75cd44acf21c7933d61d7721e812eac1b5a0a",
        "type": "github"
      },
      "original": {
        "owner": "NixOS",
        "ref": "nixos-unstable",
        "repo": "nixpkgs",
        "type": "github"
      }
    },
    "root": {
      "inputs": {
        "nixpkgs": "nixpkgs",
        "systems": "systems"
      }
    },
    "systems": {
      "locked": {
        "lastModified": 1739400328,
        "narHash": "sha256-c1VQqfpDPCyYVG7tEznItKHPAH86Fy/DdVO099jr6kY=",
        "owner": "fractal-tess",
        "repo": "nix-systems",
        "rev": "81943977cfc44db116baf753f7fd9655ff5271cc",
        "type": "github"
      },
      "original": {
        "owner": "fractal-tess",
        "repo": "nix-systems",
        "type": "github"
      }
    }
  },
  "root": "root",
  "version": 7
}
